
Microsoft Visual Studio Solution File, Format Version 12.00
# Visual Studio Version 16
VisualStudioVersion = 16.0.32002.261
MinimumVisualStudioVersion = 10.0.40219.1
Project("{FAE04EC0-301F-11D3-BF4B-00C04F79EFBC}") = "SnakeAndLadder2", "SnakeAndLadder2\SnakeAndLadder2.csproj", "{DEC78678-3757-4604-B209-A7516C674343}"
EndProject
Global
	GlobalSection(SolutionConfigurationPlatforms) = preSolution
		Debug|Any CPU = Debug|Any CPU
		Release|Any CPU = Release|Any CPU
	EndGlobalSection
	GlobalSection(ProjectConfigurationPlatforms) = postSolution
		{DEC78678-3757-4604-B209-A7516C674343}.Debug|Any CPU.ActiveCfg = Debug|Any CPU
		{DEC78678-3757-4604-B209-A7516C674343}.Debug|Any CPU.Build.0 = Debug|Any CPU
		{DEC78678-3757-4604-B209-A7516C674343}.Release|Any CPU.ActiveCfg = Release|Any CPU
		{DEC78678-3757-4604-B209-A7516C674343}.Release|Any CPU.Build.0 = Release|Any CPU
	EndGlobalSection
	GlobalSection(SolutionProperties) = preSolution
		HideSolutionNode = FALSE
	EndGlobalSection
	GlobalSection(ExtensibilityGlobals) = postSolution
		SolutionGuid = {0BACBA22-7CC1-4225-A7D1-C49F7696A7DC}
	EndGlobalSection
EndGlobal
